
Microsoft Visual Studio Solution File, Format Version 12.00
# Visual Studio Version 17
VisualStudioVersion = 17.7.34003.232
MinimumVisualStudioVersion = 10.0.40219.1
Project("{9A19103F-16F7-4668-BE54-9A1E7A4F7556}") = "CarParkingSystem_Group3", "CarParkingSystem_Group3\CarParkingSystem_Group3.csproj", "{802221E8-4910-4A3A-8B96-A49EC54EA482}"
EndProject
Project("{9A19103F-16F7-4668-BE54-9A1E7A4F7556}") = "Repository", "Repository\Repository.csproj", "{D39A8077-84FF-4068-958F-368753A5D4E1}"
EndProject
Project("{9A19103F-16F7-4668-BE54-9A1E7A4F7556}") = "DataObject", "DataObject\DataObject.csproj", "{4D8387C8-333C-497B-A8AA-A1C82A3CDD42}"
EndProject
Global
	GlobalSection(SolutionConfigurationPlatforms) = preSolution
		Debug|Any CPU = Debug|Any CPU
		Release|Any CPU = Release|Any CPU
	EndGlobalSection
	GlobalSection(ProjectConfigurationPlatforms) = postSolution
		{802221E8-4910-4A3A-8B96-A49EC54EA482}.Debug|Any CPU.ActiveCfg = Debug|Any CPU
		{802221E8-4910-4A3A-8B96-A49EC54EA482}.Debug|Any CPU.Build.0 = Debug|Any CPU
		{802221E8-4910-4A3A-8B96-A49EC54EA482}.Release|Any CPU.ActiveCfg = Release|Any CPU
		{802221E8-4910-4A3A-8B96-A49EC54EA482}.Release|Any CPU.Build.0 = Release|Any CPU
		{D39A8077-84FF-4068-958F-368753A5D4E1}.Debug|Any CPU.ActiveCfg = Debug|Any CPU
		{D39A8077-84FF-4068-958F-368753A5D4E1}.Debug|Any CPU.Build.0 = Debug|Any CPU
		{D39A8077-84FF-4068-958F-368753A5D4E1}.Release|Any CPU.ActiveCfg = Release|Any CPU
		{D39A8077-84FF-4068-958F-368753A5D4E1}.Release|Any CPU.Build.0 = Release|Any CPU
		{4D8387C8-333C-497B-A8AA-A1C82A3CDD42}.Debug|Any CPU.ActiveCfg = Debug|Any CPU
		{4D8387C8-333C-497B-A8AA-A1C82A3CDD42}.Debug|Any CPU.Build.0 = Debug|Any CPU
		{4D8387C8-333C-497B-A8AA-A1C82A3CDD42}.Release|Any CPU.ActiveCfg = Release|Any CPU
		{4D8387C8-333C-497B-A8AA-A1C82A3CDD42}.Release|Any CPU.Build.0 = Release|Any CPU
	EndGlobalSection
	GlobalSection(SolutionProperties) = preSolution
		HideSolutionNode = FALSE
	EndGlobalSection
	GlobalSection(ExtensibilityGlobals) = postSolution
		SolutionGuid = {087F0AAF-519D-4534-A52D-6752DA9AEA89}
	EndGlobalSection
EndGlobal
